// !$*UTF8*$!
{
	archiveVersion = 1;
	classes = {
	};
	objectVersion = 50;
	objects = {

/* Begin PBXBuildFile section */
		60356BCD049B7BE5A59C65F6 /* Pods_DailyAccounter.framework in Frameworks */ = {isa = PBXBuildFile; fileRef = 92D69859DBAADC8411A10D42 /* Pods_DailyAccounter.framework */; };
		720D4F6222588B1D00C834DB /* DailyIncomeTableViewCell.swift in Sources */ = {isa = PBXBuildFile; fileRef = 720D4F6022588B1D00C834DB /* DailyIncomeTableViewCell.swift */; };
		720D4F6322588B1D00C834DB /* DailyIncomeTableViewCell.xib in Resources */ = {isa = PBXBuildFile; fileRef = 720D4F6122588B1D00C834DB /* DailyIncomeTableViewCell.xib */; };
		722B8EC32282B1770063B8E2 /* MonthlyAmount.swift in Sources */ = {isa = PBXBuildFile; fileRef = 722B8EC22282B1770063B8E2 /* MonthlyAmount.swift */; };
		722B8ECC22855A530063B8E2 /* TabBarController.swift in Sources */ = {isa = PBXBuildFile; fileRef = 722B8ECB22855A530063B8E2 /* TabBarController.swift */; };
		722B8ECE22855CB40063B8E2 /* ChartViewController.swift in Sources */ = {isa = PBXBuildFile; fileRef = 722B8ECD22855CB40063B8E2 /* ChartViewController.swift */; };
		722B8ED12285705C0063B8E2 /* DatePickerView.swift in Sources */ = {isa = PBXBuildFile; fileRef = 722B8ED02285705C0063B8E2 /* DatePickerView.swift */; };
		722B8ED3228962430063B8E2 /* DatePickerView.xib in Resources */ = {isa = PBXBuildFile; fileRef = 722B8ED2228962430063B8E2 /* DatePickerView.xib */; };
		72498D3A22952D5B00A68675 /* UIColorExtention.swift in Sources */ = {isa = PBXBuildFile; fileRef = 72498D3922952D5B00A68675 /* UIColorExtention.swift */; };
		72498D3C2295391300A68675 /* LineChartsModel.swift in Sources */ = {isa = PBXBuildFile; fileRef = 72498D3B2295391300A68675 /* LineChartsModel.swift */; };
		72498D412296899800A68675 /* AnnualCostAndIncomeTableViewCell.swift in Sources */ = {isa = PBXBuildFile; fileRef = 72498D3F2296899800A68675 /* AnnualCostAndIncomeTableViewCell.swift */; };
		72498D422296899800A68675 /* AnnualCostAndIncomeTableViewCell.xib in Resources */ = {isa = PBXBuildFile; fileRef = 72498D402296899800A68675 /* AnnualCostAndIncomeTableViewCell.xib */; };
		725EE0B5228BCFA300F38687 /* PieChartsView.swift in Sources */ = {isa = PBXBuildFile; fileRef = 725EE0B4228BCFA300F38687 /* PieChartsView.swift */; };
		725EE0B7228BF99100F38687 /* PieChartsModel.swift in Sources */ = {isa = PBXBuildFile; fileRef = 725EE0B6228BF99100F38687 /* PieChartsModel.swift */; };
		725EFA75224CB98E00C88A31 /* CalenderViewController.swift in Sources */ = {isa = PBXBuildFile; fileRef = 725EFA74224CB98E00C88A31 /* CalenderViewController.swift */; };
		7280E897225D99EE00B349A7 /* PersonCost.swift in Sources */ = {isa = PBXBuildFile; fileRef = 7280E896225D99EE00B349A7 /* PersonCost.swift */; };
		7280E89A225F204B00B349A7 /* DailyBillSummaryTableViewCell.swift in Sources */ = {isa = PBXBuildFile; fileRef = 7280E898225F204B00B349A7 /* DailyBillSummaryTableViewCell.swift */; };
		7280E89B225F204B00B349A7 /* DailyBillSummaryTableViewCell.xib in Resources */ = {isa = PBXBuildFile; fileRef = 7280E899225F204B00B349A7 /* DailyBillSummaryTableViewCell.xib */; };
		728C9E512118717400AFD98D /* AppDelegate.swift in Sources */ = {isa = PBXBuildFile; fileRef = 728C9E502118717400AFD98D /* AppDelegate.swift */; };
		728C9E532118717400AFD98D /* MainViewController.swift in Sources */ = {isa = PBXBuildFile; fileRef = 728C9E522118717400AFD98D /* MainViewController.swift */; };
		728C9E562118717400AFD98D /* Main.storyboard in Resources */ = {isa = PBXBuildFile; fileRef = 728C9E542118717400AFD98D /* Main.storyboard */; };
		728C9E582118717700AFD98D /* Assets.xcassets in Resources */ = {isa = PBXBuildFile; fileRef = 728C9E572118717700AFD98D /* Assets.xcassets */; };
		728C9E5B2118717700AFD98D /* LaunchScreen.storyboard in Resources */ = {isa = PBXBuildFile; fileRef = 728C9E592118717700AFD98D /* LaunchScreen.storyboard */; };
		728C9E6521188BF100AFD98D /* AccountData.swift in Sources */ = {isa = PBXBuildFile; fileRef = 728C9E6421188BF100AFD98D /* AccountData.swift */; };
		728C9E85211B27BA00AFD98D /* AddCostOrIncomeDetailViewController.swift in Sources */ = {isa = PBXBuildFile; fileRef = 728C9E84211B27BA00AFD98D /* AddCostOrIncomeDetailViewController.swift */; };
		728C9E88211C1B3600AFD98D /* CategoryCollectionViewCell.swift in Sources */ = {isa = PBXBuildFile; fileRef = 728C9E86211C1B3600AFD98D /* CategoryCollectionViewCell.swift */; };
		728C9E89211C1B3600AFD98D /* CategoryCollectionViewCell.xib in Resources */ = {isa = PBXBuildFile; fileRef = 728C9E87211C1B3600AFD98D /* CategoryCollectionViewCell.xib */; };
		728C9E8B21203ECB00AFD98D /* ManageMembersViewController.swift in Sources */ = {isa = PBXBuildFile; fileRef = 728C9E8A21203ECB00AFD98D /* ManageMembersViewController.swift */; };
		728C9E8D2121B5DF00AFD98D /* NumberKeyboardUIView.swift in Sources */ = {isa = PBXBuildFile; fileRef = 728C9E8C2121B5DF00AFD98D /* NumberKeyboardUIView.swift */; };
		728C9E8F2121B60D00AFD98D /* NumberKeyboardUIView.xib in Resources */ = {isa = PBXBuildFile; fileRef = 728C9E8E2121B60D00AFD98D /* NumberKeyboardUIView.xib */; };
		72925F7821E88686003C1F39 /* AlertService.swift in Sources */ = {isa = PBXBuildFile; fileRef = 72925F7721E88686003C1F39 /* AlertService.swift */; };
		72A21D2421F05BAE00143C5F /* EditMemberViewController.swift in Sources */ = {isa = PBXBuildFile; fileRef = 72A21D2321F05BAE00143C5F /* EditMemberViewController.swift */; };
		72B238E12267621D0062FA24 /* ArrayExtention.swift in Sources */ = {isa = PBXBuildFile; fileRef = 72B238E02267621D0062FA24 /* ArrayExtention.swift */; };
		72C3275821DDF40C00C4456A /* RealmService.swift in Sources */ = {isa = PBXBuildFile; fileRef = 72C3275721DDF40C00C4456A /* RealmService.swift */; };
		72C3275B21DE249000C4456A /* AddPersonTableViewController.swift in Sources */ = {isa = PBXBuildFile; fileRef = 72C3275921DE249000C4456A /* AddPersonTableViewController.swift */; };
		72CE694622009390001E3260 /* SetDefaultMemberViewController.swift in Sources */ = {isa = PBXBuildFile; fileRef = 72CE694522009390001E3260 /* SetDefaultMemberViewController.swift */; };
		72D578A8228FD74300491A42 /* CategoryChartTableViewCell.swift in Sources */ = {isa = PBXBuildFile; fileRef = 72D578A6228FD74300491A42 /* CategoryChartTableViewCell.swift */; };
		72D578A9228FD74300491A42 /* CategoryChartTableViewCell.xib in Resources */ = {isa = PBXBuildFile; fileRef = 72D578A7228FD74300491A42 /* CategoryChartTableViewCell.xib */; };
		72D578AB2293A2CF00491A42 /* ImageExtention.swift in Sources */ = {isa = PBXBuildFile; fileRef = 72D578AA2293A2CF00491A42 /* ImageExtention.swift */; };
		72D578AD2293EB9D00491A42 /* LineChartsView.swift in Sources */ = {isa = PBXBuildFile; fileRef = 72D578AC2293EB9D00491A42 /* LineChartsView.swift */; };
		72DC8B35224F3A8600F5CD91 /* DateExtention.swift in Sources */ = {isa = PBXBuildFile; fileRef = 72DC8B34224F3A8600F5CD91 /* DateExtention.swift */; };
		72DC8B37224F42D700F5CD91 /* DetailViewController.swift in Sources */ = {isa = PBXBuildFile; fileRef = 72DC8B36224F42D700F5CD91 /* DetailViewController.swift */; };
		72DC8B3A22534EB900F5CD91 /* DailyCostTableViewCell.swift in Sources */ = {isa = PBXBuildFile; fileRef = 72DC8B3822534EB900F5CD91 /* DailyCostTableViewCell.swift */; };
		72DC8B3B22534EB900F5CD91 /* DailyCostTableViewCell.xib in Resources */ = {isa = PBXBuildFile; fileRef = 72DC8B3922534EB900F5CD91 /* DailyCostTableViewCell.xib */; };
		72DEAC142271FB5500BFC121 /* UINavigationControllerExtention.swift in Sources */ = {isa = PBXBuildFile; fileRef = 72DEAC132271FB5500BFC121 /* UINavigationControllerExtention.swift */; };
		72F728912223D3E1004520DA /* Member.swift in Sources */ = {isa = PBXBuildFile; fileRef = 72F728902223D3E1004520DA /* Member.swift */; };
/* End PBXBuildFile section */

/* Begin PBXFileReference section */
		720D4F6022588B1D00C834DB /* DailyIncomeTableViewCell.swift */ = {isa = PBXFileReference; lastKnownFileType = sourcecode.swift; path = DailyIncomeTableViewCell.swift; sourceTree = "<group>"; };
		720D4F6122588B1D00C834DB /* DailyIncomeTableViewCell.xib */ = {isa = PBXFileReference; lastKnownFileType = file.xib; path = DailyIncomeTableViewCell.xib; sourceTree = "<group>"; };
		722B8EC22282B1770063B8E2 /* MonthlyAmount.swift */ = {isa = PBXFileReference; lastKnownFileType = sourcecode.swift; path = MonthlyAmount.swift; sourceTree = "<group>"; };
		722B8ECB22855A530063B8E2 /* TabBarController.swift */ = {isa = PBXFileReference; lastKnownFileType = sourcecode.swift; path = TabBarController.swift; sourceTree = "<group>"; };
		722B8ECD22855CB40063B8E2 /* ChartViewController.swift */ = {isa = PBXFileReference; lastKnownFileType = sourcecode.swift; path = ChartViewController.swift; sourceTree = "<group>"; };
		722B8ED02285705C0063B8E2 /* DatePickerView.swift */ = {isa = PBXFileReference; lastKnownFileType = sourcecode.swift; path = DatePickerView.swift; sourceTree = "<group>"; };
		722B8ED2228962430063B8E2 /* DatePickerView.xib */ = {isa = PBXFileReference; lastKnownFileType = file.xib; path = DatePickerView.xib; sourceTree = "<group>"; };
		72498D3922952D5B00A68675 /* UIColorExtention.swift */ = {isa = PBXFileReference; lastKnownFileType = sourcecode.swift; path = UIColorExtention.swift; sourceTree = "<group>"; };
		72498D3B2295391300A68675 /* LineChartsModel.swift */ = {isa = PBXFileReference; lastKnownFileType = sourcecode.swift; path = LineChartsModel.swift; sourceTree = "<group>"; };
		72498D3F2296899800A68675 /* AnnualCostAndIncomeTableViewCell.swift */ = {isa = PBXFileReference; lastKnownFileType = sourcecode.swift; path = AnnualCostAndIncomeTableViewCell.swift; sourceTree = "<group>"; };
		72498D402296899800A68675 /* AnnualCostAndIncomeTableViewCell.xib */ = {isa = PBXFileReference; lastKnownFileType = file.xib; path = AnnualCostAndIncomeTableViewCell.xib; sourceTree = "<group>"; };
		725EE0B4228BCFA300F38687 /* PieChartsView.swift */ = {isa = PBXFileReference; lastKnownFileType = sourcecode.swift; path = PieChartsView.swift; sourceTree = "<group>"; };
		725EE0B6228BF99100F38687 /* PieChartsModel.swift */ = {isa = PBXFileReference; lastKnownFileType = sourcecode.swift; path = PieChartsModel.swift; sourceTree = "<group>"; };
		725EFA74224CB98E00C88A31 /* CalenderViewController.swift */ = {isa = PBXFileReference; lastKnownFileType = sourcecode.swift; name = CalenderViewController.swift; path = ../CalenderViewController.swift; sourceTree = "<group>"; };
		7280E896225D99EE00B349A7 /* PersonCost.swift */ = {isa = PBXFileReference; lastKnownFileType = sourcecode.swift; path = PersonCost.swift; sourceTree = "<group>"; };
		7280E898225F204B00B349A7 /* DailyBillSummaryTableViewCell.swift */ = {isa = PBXFileReference; lastKnownFileType = sourcecode.swift; path = DailyBillSummaryTableViewCell.swift; sourceTree = "<group>"; };
		7280E899225F204B00B349A7 /* DailyBillSummaryTableViewCell.xib */ = {isa = PBXFileReference; lastKnownFileType = file.xib; path = DailyBillSummaryTableViewCell.xib; sourceTree = "<group>"; };
		728C9E4D2118717400AFD98D /* DailyAccounter.app */ = {isa = PBXFileReference; explicitFileType = wrapper.application; includeInIndex = 0; path = DailyAccounter.app; sourceTree = BUILT_PRODUCTS_DIR; };
		728C9E502118717400AFD98D /* AppDelegate.swift */ = {isa = PBXFileReference; lastKnownFileType = sourcecode.swift; path = AppDelegate.swift; sourceTree = "<group>"; };
		728C9E522118717400AFD98D /* MainViewController.swift */ = {isa = PBXFileReference; lastKnownFileType = sourcecode.swift; path = MainViewController.swift; sourceTree = "<group>"; };
		728C9E552118717400AFD98D /* Base */ = {isa = PBXFileReference; lastKnownFileType = file.storyboard; name = Base; path = Base.lproj/Main.storyboard; sourceTree = "<group>"; };
		728C9E572118717700AFD98D /* Assets.xcassets */ = {isa = PBXFileReference; lastKnownFileType = folder.assetcatalog; path = Assets.xcassets; sourceTree = "<group>"; };
		728C9E5A2118717700AFD98D /* Base */ = {isa = PBXFileReference; lastKnownFileType = file.storyboard; name = Base; path = Base.lproj/LaunchScreen.storyboard; sourceTree = "<group>"; };
		728C9E5C2118717700AFD98D /* Info.plist */ = {isa = PBXFileReference; lastKnownFileType = text.plist.xml; path = Info.plist; sourceTree = "<group>"; };
		728C9E6421188BF100AFD98D /* AccountData.swift */ = {isa = PBXFileReference; lastKnownFileType = sourcecode.swift; path = AccountData.swift; sourceTree = "<group>"; };
		728C9E84211B27BA00AFD98D /* AddCostOrIncomeDetailViewController.swift */ = {isa = PBXFileReference; lastKnownFileType = sourcecode.swift; path = AddCostOrIncomeDetailViewController.swift; sourceTree = "<group>"; };
		728C9E86211C1B3600AFD98D /* CategoryCollectionViewCell.swift */ = {isa = PBXFileReference; lastKnownFileType = sourcecode.swift; path = CategoryCollectionViewCell.swift; sourceTree = "<group>"; };
		728C9E87211C1B3600AFD98D /* CategoryCollectionViewCell.xib */ = {isa = PBXFileReference; lastKnownFileType = file.xib; path = CategoryCollectionViewCell.xib; sourceTree = "<group>"; };
		728C9E8A21203ECB00AFD98D /* ManageMembersViewController.swift */ = {isa = PBXFileReference; lastKnownFileType = sourcecode.swift; path = ManageMembersViewController.swift; sourceTree = "<group>"; };
		728C9E8C2121B5DF00AFD98D /* NumberKeyboardUIView.swift */ = {isa = PBXFileReference; lastKnownFileType = sourcecode.swift; path = NumberKeyboardUIView.swift; sourceTree = "<group>"; };
		728C9E8E2121B60D00AFD98D /* NumberKeyboardUIView.xib */ = {isa = PBXFileReference; lastKnownFileType = file.xib; path = NumberKeyboardUIView.xib; sourceTree = "<group>"; };
		72925F7721E88686003C1F39 /* AlertService.swift */ = {isa = PBXFileReference; lastKnownFileType = sourcecode.swift; path = AlertService.swift; sourceTree = "<group>"; };
		72A21D2321F05BAE00143C5F /* EditMemberViewController.swift */ = {isa = PBXFileReference; lastKnownFileType = sourcecode.swift; name = EditMemberViewController.swift; path = ../EditMemberViewController.swift; sourceTree = "<group>"; };
		72B238E02267621D0062FA24 /* ArrayExtention.swift */ = {isa = PBXFileReference; lastKnownFileType = sourcecode.swift; path = ArrayExtention.swift; sourceTree = "<group>"; };
		72C3275721DDF40C00C4456A /* RealmService.swift */ = {isa = PBXFileReference; lastKnownFileType = sourcecode.swift; path = RealmService.swift; sourceTree = "<group>"; };
		72C3275921DE249000C4456A /* AddPersonTableViewController.swift */ = {isa = PBXFileReference; lastKnownFileType = sourcecode.swift; path = AddPersonTableViewController.swift; sourceTree = "<group>"; };
		72CE694522009390001E3260 /* SetDefaultMemberViewController.swift */ = {isa = PBXFileReference; lastKnownFileType = sourcecode.swift; name = SetDefaultMemberViewController.swift; path = ../SetDefaultMemberViewController.swift; sourceTree = "<group>"; };
		72D578A6228FD74300491A42 /* CategoryChartTableViewCell.swift */ = {isa = PBXFileReference; lastKnownFileType = sourcecode.swift; path = CategoryChartTableViewCell.swift; sourceTree = "<group>"; };
		72D578A7228FD74300491A42 /* CategoryChartTableViewCell.xib */ = {isa = PBXFileReference; lastKnownFileType = file.xib; path = CategoryChartTableViewCell.xib; sourceTree = "<group>"; };
		72D578AA2293A2CF00491A42 /* ImageExtention.swift */ = {isa = PBXFileReference; lastKnownFileType = sourcecode.swift; path = ImageExtention.swift; sourceTree = "<group>"; };
		72D578AC2293EB9D00491A42 /* LineChartsView.swift */ = {isa = PBXFileReference; lastKnownFileType = sourcecode.swift; path = LineChartsView.swift; sourceTree = "<group>"; };
		72DC8B34224F3A8600F5CD91 /* DateExtention.swift */ = {isa = PBXFileReference; lastKnownFileType = sourcecode.swift; path = DateExtention.swift; sourceTree = "<group>"; };
		72DC8B36224F42D700F5CD91 /* DetailViewController.swift */ = {isa = PBXFileReference; lastKnownFileType = sourcecode.swift; path = DetailViewController.swift; sourceTree = "<group>"; };
		72DC8B3822534EB900F5CD91 /* DailyCostTableViewCell.swift */ = {isa = PBXFileReference; lastKnownFileType = sourcecode.swift; path = DailyCostTableViewCell.swift; sourceTree = "<group>"; };
		72DC8B3922534EB900F5CD91 /* DailyCostTableViewCell.xib */ = {isa = PBXFileReference; lastKnownFileType = file.xib; path = DailyCostTableViewCell.xib; sourceTree = "<group>"; };
		72DEAC132271FB5500BFC121 /* UINavigationControllerExtention.swift */ = {isa = PBXFileReference; lastKnownFileType = sourcecode.swift; path = UINavigationControllerExtention.swift; sourceTree = "<group>"; };
		72F728902223D3E1004520DA /* Member.swift */ = {isa = PBXFileReference; lastKnownFileType = sourcecode.swift; path = Member.swift; sourceTree = "<group>"; };
		7B8643FFF38F959E7E714B90 /* Pods-DailyAccounter.release.xcconfig */ = {isa = PBXFileReference; includeInIndex = 1; lastKnownFileType = text.xcconfig; name = "Pods-DailyAccounter.release.xcconfig"; path = "Pods/Target Support Files/Pods-DailyAccounter/Pods-DailyAccounter.release.xcconfig"; sourceTree = "<group>"; };
		92D69859DBAADC8411A10D42 /* Pods_DailyAccounter.framework */ = {isa = PBXFileReference; explicitFileType = wrapper.framework; includeInIndex = 0; path = Pods_DailyAccounter.framework; sourceTree = BUILT_PRODUCTS_DIR; };
		BF25867C4016C5A9FDBEF6C1 /* Pods-DailyAccounter.debug.xcconfig */ = {isa = PBXFileReference; includeInIndex = 1; lastKnownFileType = text.xcconfig; name = "Pods-DailyAccounter.debug.xcconfig"; path = "Pods/Target Support Files/Pods-DailyAccounter/Pods-DailyAccounter.debug.xcconfig"; sourceTree = "<group>"; };
/* End PBXFileReference section */

/* Begin PBXFrameworksBuildPhase section */
		728C9E4A2118717400AFD98D /* Frameworks */ = {
			isa = PBXFrameworksBuildPhase;
			buildActionMask = 2147483647;
			files = (
				60356BCD049B7BE5A59C65F6 /* Pods_DailyAccounter.framework in Frameworks */,
			);
			runOnlyForDeploymentPostprocessing = 0;
		};
/* End PBXFrameworksBuildPhase section */

/* Begin PBXGroup section */
		5A2714ACD84B74279F9BAA2C /* Pods */ = {
			isa = PBXGroup;
			children = (
				BF25867C4016C5A9FDBEF6C1 /* Pods-DailyAccounter.debug.xcconfig */,
				7B8643FFF38F959E7E714B90 /* Pods-DailyAccounter.release.xcconfig */,
			);
			name = Pods;
			sourceTree = "<group>";
		};
		7213968B2247609800BB377D /* Services */ = {
			isa = PBXGroup;
			children = (
				72D578AA2293A2CF00491A42 /* ImageExtention.swift */,
				72C3275721DDF40C00C4456A /* RealmService.swift */,
				72925F7721E88686003C1F39 /* AlertService.swift */,
				72DC8B34224F3A8600F5CD91 /* DateExtention.swift */,
				72B238E02267621D0062FA24 /* ArrayExtention.swift */,
				72DEAC132271FB5500BFC121 /* UINavigationControllerExtention.swift */,
				72498D3922952D5B00A68675 /* UIColorExtention.swift */,
			);
			path = Services;
			sourceTree = "<group>";
		};
		7213968C224760AF00BB377D /* Models */ = {
			isa = PBXGroup;
			children = (
				722B8EC22282B1770063B8E2 /* MonthlyAmount.swift */,
				728C9E6421188BF100AFD98D /* AccountData.swift */,
				72F728902223D3E1004520DA /* Member.swift */,
				7280E896225D99EE00B349A7 /* PersonCost.swift */,
			);
			name = Models;
			path = "New Group";
			sourceTree = "<group>";
		};
		7213968D224760EE00BB377D /* Views */ = {
			isa = PBXGroup;
			children = (
				72D578A6228FD74300491A42 /* CategoryChartTableViewCell.swift */,
				72D578A7228FD74300491A42 /* CategoryChartTableViewCell.xib */,
				728C9E8C2121B5DF00AFD98D /* NumberKeyboardUIView.swift */,
				728C9E8E2121B60D00AFD98D /* NumberKeyboardUIView.xib */,
				728C9E86211C1B3600AFD98D /* CategoryCollectionViewCell.swift */,
				728C9E87211C1B3600AFD98D /* CategoryCollectionViewCell.xib */,
				72DC8B3822534EB900F5CD91 /* DailyCostTableViewCell.swift */,
				72DC8B3922534EB900F5CD91 /* DailyCostTableViewCell.xib */,
				720D4F6022588B1D00C834DB /* DailyIncomeTableViewCell.swift */,
				720D4F6122588B1D00C834DB /* DailyIncomeTableViewCell.xib */,
				7280E898225F204B00B349A7 /* DailyBillSummaryTableViewCell.swift */,
				7280E899225F204B00B349A7 /* DailyBillSummaryTableViewCell.xib */,
				722B8ED02285705C0063B8E2 /* DatePickerView.swift */,
				722B8ED2228962430063B8E2 /* DatePickerView.xib */,
				72498D3F2296899800A68675 /* AnnualCostAndIncomeTableViewCell.swift */,
				72498D402296899800A68675 /* AnnualCostAndIncomeTableViewCell.xib */,
			);
			path = Views;
			sourceTree = "<group>";
		};
		722B8EC82285598B0063B8E2 /* ViewControllers */ = {
			isa = PBXGroup;
			children = (
				728C9E522118717400AFD98D /* MainViewController.swift */,
				728C9E84211B27BA00AFD98D /* AddCostOrIncomeDetailViewController.swift */,
				725EFA74224CB98E00C88A31 /* CalenderViewController.swift */,
				72DC8B36224F42D700F5CD91 /* DetailViewController.swift */,
				72CE694522009390001E3260 /* SetDefaultMemberViewController.swift */,
				72A21D2321F05BAE00143C5F /* EditMemberViewController.swift */,
				72C3275921DE249000C4456A /* AddPersonTableViewController.swift */,
				728C9E8A21203ECB00AFD98D /* ManageMembersViewController.swift */,
				722B8ECB22855A530063B8E2 /* TabBarController.swift */,
				722B8ECD22855CB40063B8E2 /* ChartViewController.swift */,
			);
			path = ViewControllers;
			sourceTree = "<group>";
		};
		725EE0B3228BCF8600F38687 /* Charts */ = {
			isa = PBXGroup;
			children = (
				725EE0B4228BCFA300F38687 /* PieChartsView.swift */,
				725EE0B6228BF99100F38687 /* PieChartsModel.swift */,
				72D578AC2293EB9D00491A42 /* LineChartsView.swift */,
				72498D3B2295391300A68675 /* LineChartsModel.swift */,
			);
			path = Charts;
			sourceTree = "<group>";
		};
		728C9E442118717400AFD98D = {
			isa = PBXGroup;
			children = (
				728C9E4F2118717400AFD98D /* DailyAccounter */,
				728C9E4E2118717400AFD98D /* Products */,
				5A2714ACD84B74279F9BAA2C /* Pods */,
				F166521A43968747FD788E9C /* Frameworks */,
			);
			sourceTree = "<group>";
		};
		728C9E4E2118717400AFD98D /* Products */ = {
			isa = PBXGroup;
			children = (
				728C9E4D2118717400AFD98D /* DailyAccounter.app */,
			);
			name = Products;
			sourceTree = "<group>";
		};
		728C9E4F2118717400AFD98D /* DailyAccounter */ = {
			isa = PBXGroup;
			children = (
				725EE0B3228BCF8600F38687 /* Charts */,
				7213968D224760EE00BB377D /* Views */,
				7213968C224760AF00BB377D /* Models */,
				7213968B2247609800BB377D /* Services */,
				728C9E502118717400AFD98D /* AppDelegate.swift */,
				722B8EC82285598B0063B8E2 /* ViewControllers */,
				728C9E542118717400AFD98D /* Main.storyboard */,
				728C9E572118717700AFD98D /* Assets.xcassets */,
				728C9E592118717700AFD98D /* LaunchScreen.storyboard */,
				728C9E5C2118717700AFD98D /* Info.plist */,
			);
			path = DailyAccounter;
			sourceTree = "<group>";
		};
		F166521A43968747FD788E9C /* Frameworks */ = {
			isa = PBXGroup;
			children = (
				92D69859DBAADC8411A10D42 /* Pods_DailyAccounter.framework */,
			);
			name = Frameworks;
			sourceTree = "<group>";
		};
/* End PBXGroup section */

/* Begin PBXNativeTarget section */
		728C9E4C2118717400AFD98D /* DailyAccounter */ = {
			isa = PBXNativeTarget;
			buildConfigurationList = 728C9E5F2118717700AFD98D /* Build configuration list for PBXNativeTarget "DailyAccounter" */;
			buildPhases = (
				7E395401FFFE433DFC5E0C1C /* [CP] Check Pods Manifest.lock */,
				728C9E492118717400AFD98D /* Sources */,
				728C9E4A2118717400AFD98D /* Frameworks */,
				728C9E4B2118717400AFD98D /* Resources */,
				586B24FD1F695ED00E73D192 /* [CP] Embed Pods Frameworks */,
				C62C07AE35CF6E5E63322282 /* [CP] Copy Pods Resources */,
			);
			buildRules = (
			);
			dependencies = (
			);
			name = DailyAccounter;
			productName = DailyAccounter;
			productReference = 728C9E4D2118717400AFD98D /* DailyAccounter.app */;
			productType = "com.apple.product-type.application";
		};
/* End PBXNativeTarget section */

/* Begin PBXProject section */
		728C9E452118717400AFD98D /* Project object */ = {
			isa = PBXProject;
			attributes = {
				LastSwiftUpdateCheck = 0940;
				LastUpgradeCheck = 0940;
				ORGANIZATIONNAME = "Zhu xiaojin";
				TargetAttributes = {
					728C9E4C2118717400AFD98D = {
						CreatedOnToolsVersion = 9.4.1;
						LastSwiftMigration = 1010;
					};
				};
			};
			buildConfigurationList = 728C9E482118717400AFD98D /* Build configuration list for PBXProject "DailyAccounter" */;
			compatibilityVersion = "Xcode 9.3";
			developmentRegion = en;
			hasScannedForEncodings = 0;
			knownRegions = (
				en,
				Base,
			);
			mainGroup = 728C9E442118717400AFD98D;
			productRefGroup = 728C9E4E2118717400AFD98D /* Products */;
			projectDirPath = "";
			projectRoot = "";
			targets = (
				728C9E4C2118717400AFD98D /* DailyAccounter */,
			);
		};
/* End PBXProject section */

/* Begin PBXResourcesBuildPhase section */
		728C9E4B2118717400AFD98D /* Resources */ = {
			isa = PBXResourcesBuildPhase;
			buildActionMask = 2147483647;
			files = (
				720D4F6322588B1D00C834DB /* DailyIncomeTableViewCell.xib in Resources */,
				72DC8B3B22534EB900F5CD91 /* DailyCostTableViewCell.xib in Resources */,
				72D578A9228FD74300491A42 /* CategoryChartTableViewCell.xib in Resources */,
				728C9E89211C1B3600AFD98D /* CategoryCollectionViewCell.xib in Resources */,
				722B8ED3228962430063B8E2 /* DatePickerView.xib in Resources */,
				728C9E5B2118717700AFD98D /* LaunchScreen.storyboard in Resources */,
				72498D422296899800A68675 /* AnnualCostAndIncomeTableViewCell.xib in Resources */,
				728C9E582118717700AFD98D /* Assets.xcassets in Resources */,
				7280E89B225F204B00B349A7 /* DailyBillSummaryTableViewCell.xib in Resources */,
				728C9E8F2121B60D00AFD98D /* NumberKeyboardUIView.xib in Resources */,
				728C9E562118717400AFD98D /* Main.storyboard in Resources */,
			);
			runOnlyForDeploymentPostprocessing = 0;
		};
/* End PBXResourcesBuildPhase section */

/* Begin PBXShellScriptBuildPhase section */
		586B24FD1F695ED00E73D192 /* [CP] Embed Pods Frameworks */ = {
			isa = PBXShellScriptBuildPhase;
			buildActionMask = 2147483647;
			files = (
			);
			inputPaths = (
				"${SRCROOT}/Pods/Target Support Files/Pods-DailyAccounter/Pods-DailyAccounter-frameworks.sh",
				"${BUILT_PRODUCTS_DIR}/Charts/Charts.framework",
				"${BUILT_PRODUCTS_DIR}/ChartsRealm/ChartsRealm.framework",
				"${BUILT_PRODUCTS_DIR}/FSCalendar/FSCalendar.framework",
				"${BUILT_PRODUCTS_DIR}/Realm/Realm.framework",
				"${BUILT_PRODUCTS_DIR}/RealmSwift/RealmSwift.framework",
			);
			name = "[CP] Embed Pods Frameworks";
			outputPaths = (
				"${TARGET_BUILD_DIR}/${FRAMEWORKS_FOLDER_PATH}/Charts.framework",
				"${TARGET_BUILD_DIR}/${FRAMEWORKS_FOLDER_PATH}/ChartsRealm.framework",
				"${TARGET_BUILD_DIR}/${FRAMEWORKS_FOLDER_PATH}/FSCalendar.framework",
				"${TARGET_BUILD_DIR}/${FRAMEWORKS_FOLDER_PATH}/Realm.framework",
				"${TARGET_BUILD_DIR}/${FRAMEWORKS_FOLDER_PATH}/RealmSwift.framework",
			);
			runOnlyForDeploymentPostprocessing = 0;
			shellPath = /bin/sh;
			shellScript = "\"${SRCROOT}/Pods/Target Support Files/Pods-DailyAccounter/Pods-DailyAccounter-frameworks.sh\"\n";
			showEnvVarsInLog = 0;
		};
		7E395401FFFE433DFC5E0C1C /* [CP] Check Pods Manifest.lock */ = {
			isa = PBXShellScriptBuildPhase;
			buildActionMask = 2147483647;
			files = (
			);
			inputPaths = (
				"${PODS_PODFILE_DIR_PATH}/Podfile.lock",
				"${PODS_ROOT}/Manifest.lock",
			);
			name = "[CP] Check Pods Manifest.lock";
			outputPaths = (
				"$(DERIVED_FILE_DIR)/Pods-DailyAccounter-checkManifestLockResult.txt",
			);
			runOnlyForDeploymentPostprocessing = 0;
			shellPath = /bin/sh;
			shellScript = "diff \"${PODS_PODFILE_DIR_PATH}/Podfile.lock\" \"${PODS_ROOT}/Manifest.lock\" > /dev/null\nif [ $? != 0 ] ; then\n    # print error to STDERR\n    echo \"error: The sandbox is not in sync with the Podfile.lock. Run 'pod install' or update your CocoaPods installation.\" >&2\n    exit 1\nfi\n# This output is used by Xcode 'outputs' to avoid re-running this script phase.\necho \"SUCCESS\" > \"${SCRIPT_OUTPUT_FILE_0}\"\n";
			showEnvVarsInLog = 0;
		};
		C62C07AE35CF6E5E63322282 /* [CP] Copy Pods Resources */ = {
			isa = PBXShellScriptBuildPhase;
			buildActionMask = 2147483647;
			files = (
			);
			inputPaths = (
			);
			name = "[CP] Copy Pods Resources";
			outputPaths = (
			);
			runOnlyForDeploymentPostprocessing = 0;
			shellPath = /bin/sh;
			shellScript = "\"${SRCROOT}/Pods/Target Support Files/Pods-DailyAccounter/Pods-DailyAccounter-resources.sh\"\n";
			showEnvVarsInLog = 0;
		};
/* End PBXShellScriptBuildPhase section */

/* Begin PBXSourcesBuildPhase section */
		728C9E492118717400AFD98D /* Sources */ = {
			isa = PBXSourcesBuildPhase;
			buildActionMask = 2147483647;
			files = (
				72D578AB2293A2CF00491A42 /* ImageExtention.swift in Sources */,
				725EE0B5228BCFA300F38687 /* PieChartsView.swift in Sources */,
				72925F7821E88686003C1F39 /* AlertService.swift in Sources */,
				728C9E85211B27BA00AFD98D /* AddCostOrIncomeDetailViewController.swift in Sources */,
				72DC8B35224F3A8600F5CD91 /* DateExtention.swift in Sources */,
				728C9E8B21203ECB00AFD98D /* ManageMembersViewController.swift in Sources */,
				7280E897225D99EE00B349A7 /* PersonCost.swift in Sources */,
				728C9E88211C1B3600AFD98D /* CategoryCollectionViewCell.swift in Sources */,
				725EFA75224CB98E00C88A31 /* CalenderViewController.swift in Sources */,
				728C9E532118717400AFD98D /* MainViewController.swift in Sources */,
				72DC8B37224F42D700F5CD91 /* DetailViewController.swift in Sources */,
				722B8ECE22855CB40063B8E2 /* ChartViewController.swift in Sources */,
				72498D3A22952D5B00A68675 /* UIColorExtention.swift in Sources */,
				722B8ECC22855A530063B8E2 /* TabBarController.swift in Sources */,
				72DC8B3A22534EB900F5CD91 /* DailyCostTableViewCell.swift in Sources */,
				72F728912223D3E1004520DA /* Member.swift in Sources */,
				7280E89A225F204B00B349A7 /* DailyBillSummaryTableViewCell.swift in Sources */,
				72B238E12267621D0062FA24 /* ArrayExtention.swift in Sources */,
				72CE694622009390001E3260 /* SetDefaultMemberViewController.swift in Sources */,
				72DEAC142271FB5500BFC121 /* UINavigationControllerExtention.swift in Sources */,
				72C3275821DDF40C00C4456A /* RealmService.swift in Sources */,
				725EE0B7228BF99100F38687 /* PieChartsModel.swift in Sources */,
				722B8EC32282B1770063B8E2 /* MonthlyAmount.swift in Sources */,
				720D4F6222588B1D00C834DB /* DailyIncomeTableViewCell.swift in Sources */,
				72498D3C2295391300A68675 /* LineChartsModel.swift in Sources */,
				72D578A8228FD74300491A42 /* CategoryChartTableViewCell.swift in Sources */,
				72A21D2421F05BAE00143C5F /* EditMemberViewController.swift in Sources */,
				728C9E8D2121B5DF00AFD98D /* NumberKeyboardUIView.swift in Sources */,
				722B8ED12285705C0063B8E2 /* DatePickerView.swift in Sources */,
				72D578AD2293EB9D00491A42 /* LineChartsView.swift in Sources */,
				728C9E6521188BF100AFD98D /* AccountData.swift in Sources */,
				728C9E512118717400AFD98D /* AppDelegate.swift in Sources */,
				72498D412296899800A68675 /* AnnualCostAndIncomeTableViewCell.swift in Sources */,
				72C3275B21DE249000C4456A /* AddPersonTableViewController.swift in Sources */,
			);
			runOnlyForDeploymentPostprocessing = 0;
		};
/* End PBXSourcesBuildPhase section */

/* Begin PBXVariantGroup section */
		728C9E542118717400AFD98D /* Main.storyboard */ = {
			isa = PBXVariantGroup;
			children = (
				728C9E552118717400AFD98D /* Base */,
			);
			name = Main.storyboard;
			sourceTree = "<group>";
		};
		728C9E592118717700AFD98D /* LaunchScreen.storyboard */ = {
			isa = PBXVariantGroup;
			children = (
				728C9E5A2118717700AFD98D /* Base */,
			);
			name = LaunchScreen.storyboard;
			sourceTree = "<group>";
		};
/* End PBXVariantGroup section */

/* Begin XCBuildConfiguration section */
		728C9E5D2118717700AFD98D /* Debug */ = {
			isa = XCBuildConfiguration;
			buildSettings = {
				ALWAYS_SEARCH_USER_PATHS = NO;
				CLANG_ANALYZER_NONNULL = YES;
				CLANG_ANALYZER_NUMBER_OBJECT_CONVERSION = YES_AGGRESSIVE;
				CLANG_CXX_LANGUAGE_STANDARD = "gnu++14";
				CLANG_CXX_LIBRARY = "libc++";
				CLANG_ENABLE_MODULES = YES;
				CLANG_ENABLE_OBJC_ARC = YES;
				CLANG_ENABLE_OBJC_WEAK = YES;
				CLANG_WARN_BLOCK_CAPTURE_AUTORELEASING = YES;
				CLANG_WARN_BOOL_CONVERSION = YES;
				CLANG_WARN_COMMA = YES;
				CLANG_WARN_CONSTANT_CONVERSION = YES;
				CLANG_WARN_DEPRECATED_OBJC_IMPLEMENTATIONS = YES;
				CLANG_WARN_DIRECT_OBJC_ISA_USAGE = YES_ERROR;
				CLANG_WARN_DOCUMENTATION_COMMENTS = YES;
				CLANG_WARN_EMPTY_BODY = YES;
				CLANG_WARN_ENUM_CONVERSION = YES;
				CLANG_WARN_INFINITE_RECURSION = YES;
				CLANG_WARN_INT_CONVERSION = YES;
				CLANG_WARN_NON_LITERAL_NULL_CONVERSION = YES;
				CLANG_WARN_OBJC_IMPLICIT_RETAIN_SELF = YES;
				CLANG_WARN_OBJC_LITERAL_CONVERSION = YES;
				CLANG_WARN_OBJC_ROOT_CLASS = YES_ERROR;
				CLANG_WARN_RANGE_LOOP_ANALYSIS = YES;
				CLANG_WARN_STRICT_PROTOTYPES = YES;
				CLANG_WARN_SUSPICIOUS_MOVE = YES;
				CLANG_WARN_UNGUARDED_AVAILABILITY = YES_AGGRESSIVE;
				CLANG_WARN_UNREACHABLE_CODE = YES;
				CLANG_WARN__DUPLICATE_METHOD_MATCH = YES;
				CODE_SIGN_IDENTITY = "iPhone Developer";
				COPY_PHASE_STRIP = NO;
				DEBUG_INFORMATION_FORMAT = dwarf;
				ENABLE_STRICT_OBJC_MSGSEND = YES;
				ENABLE_TESTABILITY = YES;
				GCC_C_LANGUAGE_STANDARD = gnu11;
				GCC_DYNAMIC_NO_PIC = NO;
				GCC_NO_COMMON_BLOCKS = YES;
				GCC_OPTIMIZATION_LEVEL = 0;
				GCC_PREPROCESSOR_DEFINITIONS = (
					"DEBUG=1",
					"$(inherited)",
				);
				GCC_WARN_64_TO_32_BIT_CONVERSION = YES;
				GCC_WARN_ABOUT_RETURN_TYPE = YES_ERROR;
				GCC_WARN_UNDECLARED_SELECTOR = YES;
				GCC_WARN_UNINITIALIZED_AUTOS = YES_AGGRESSIVE;
				GCC_WARN_UNUSED_FUNCTION = YES;
				GCC_WARN_UNUSED_VARIABLE = YES;
				IPHONEOS_DEPLOYMENT_TARGET = 11.4;
				MTL_ENABLE_DEBUG_INFO = YES;
				ONLY_ACTIVE_ARCH = YES;
				SDKROOT = iphoneos;
				SWIFT_ACTIVE_COMPILATION_CONDITIONS = DEBUG;
				SWIFT_OPTIMIZATION_LEVEL = "-Onone";
			};
			name = Debug;
		};
		728C9E5E2118717700AFD98D /* Release */ = {
			isa = XCBuildConfiguration;
			buildSettings = {
				ALWAYS_SEARCH_USER_PATHS = NO;
				CLANG_ANALYZER_NONNULL = YES;
				CLANG_ANALYZER_NUMBER_OBJECT_CONVERSION = YES_AGGRESSIVE;
				CLANG_CXX_LANGUAGE_STANDARD = "gnu++14";
				CLANG_CXX_LIBRARY = "libc++";
				CLANG_ENABLE_MODULES = YES;
				CLANG_ENABLE_OBJC_ARC = YES;
				CLANG_ENABLE_OBJC_WEAK = YES;
				CLANG_WARN_BLOCK_CAPTURE_AUTORELEASING = YES;
				CLANG_WARN_BOOL_CONVERSION = YES;
				CLANG_WARN_COMMA = YES;
				CLANG_WARN_CONSTANT_CONVERSION = YES;
				CLANG_WARN_DEPRECATED_OBJC_IMPLEMENTATIONS = YES;
				CLANG_WARN_DIRECT_OBJC_ISA_USAGE = YES_ERROR;
				CLANG_WARN_DOCUMENTATION_COMMENTS = YES;
				CLANG_WARN_EMPTY_BODY = YES;
				CLANG_WARN_ENUM_CONVERSION = YES;
				CLANG_WARN_INFINITE_RECURSION = YES;
				CLANG_WARN_INT_CONVERSION = YES;
				CLANG_WARN_NON_LITERAL_NULL_CONVERSION = YES;
				CLANG_WARN_OBJC_IMPLICIT_RETAIN_SELF = YES;
				CLANG_WARN_OBJC_LITERAL_CONVERSION = YES;
				CLANG_WARN_OBJC_ROOT_CLASS = YES_ERROR;
				CLANG_WARN_RANGE_LOOP_ANALYSIS = YES;
				CLANG_WARN_STRICT_PROTOTYPES = YES;
				CLANG_WARN_SUSPICIOUS_MOVE = YES;
				CLANG_WARN_UNGUARDED_AVAILABILITY = YES_AGGRESSIVE;
				CLANG_WARN_UNREACHABLE_CODE = YES;
				CLANG_WARN__DUPLICATE_METHOD_MATCH = YES;
				CODE_SIGN_IDENTITY = "iPhone Developer";
				COPY_PHASE_STRIP = NO;
				DEBUG_INFORMATION_FORMAT = "dwarf-with-dsym";
				ENABLE_NS_ASSERTIONS = NO;
				ENABLE_STRICT_OBJC_MSGSEND = YES;
				GCC_C_LANGUAGE_STANDARD = gnu11;
				GCC_NO_COMMON_BLOCKS = YES;
				GCC_WARN_64_TO_32_BIT_CONVERSION = YES;
				GCC_WARN_ABOUT_RETURN_TYPE = YES_ERROR;
				GCC_WARN_UNDECLARED_SELECTOR = YES;
				GCC_WARN_UNINITIALIZED_AUTOS = YES_AGGRESSIVE;
				GCC_WARN_UNUSED_FUNCTION = YES;
				GCC_WARN_UNUSED_VARIABLE = YES;
				IPHONEOS_DEPLOYMENT_TARGET = 11.4;
				MTL_ENABLE_DEBUG_INFO = NO;
				SDKROOT = iphoneos;
				SWIFT_COMPILATION_MODE = wholemodule;
				SWIFT_OPTIMIZATION_LEVEL = "-O";
				VALIDATE_PRODUCT = YES;
			};
			name = Release;
		};
		728C9E602118717700AFD98D /* Debug */ = {
			isa = XCBuildConfiguration;
			baseConfigurationReference = BF25867C4016C5A9FDBEF6C1 /* Pods-DailyAccounter.debug.xcconfig */;
			buildSettings = {
				ASSETCATALOG_COMPILER_APPICON_NAME = AppIcon;
				CODE_SIGN_STYLE = Automatic;
				DEVELOPMENT_TEAM = HZ5666T235;
				INFOPLIST_FILE = DailyAccounter/Info.plist;
				LD_RUNPATH_SEARCH_PATHS = (
					"$(inherited)",
					"@executable_path/Frameworks",
				);
				PRODUCT_BUNDLE_IDENTIFIER = ping.DailyAccounter;
				PRODUCT_NAME = "$(TARGET_NAME)";
				SWIFT_VERSION = 4.2;
				TARGETED_DEVICE_FAMILY = "1,2";
			};
			name = Debug;
		};
		728C9E612118717700AFD98D /* Release */ = {
			isa = XCBuildConfiguration;
			baseConfigurationReference = 7B8643FFF38F959E7E714B90 /* Pods-DailyAccounter.release.xcconfig */;
			buildSettings = {
				ASSETCATALOG_COMPILER_APPICON_NAME = AppIcon;
				CODE_SIGN_STYLE = Automatic;
				DEVELOPMENT_TEAM = HZ5666T235;
				INFOPLIST_FILE = DailyAccounter/Info.plist;
				LD_RUNPATH_SEARCH_PATHS = (
					"$(inherited)",
					"@executable_path/Frameworks",
				);
				PRODUCT_BUNDLE_IDENTIFIER = ping.DailyAccounter;
				PRODUCT_NAME = "$(TARGET_NAME)";
				SWIFT_VERSION = 4.2;
				TARGETED_DEVICE_FAMILY = "1,2";
			};
			name = Release;
		};
/* End XCBuildConfiguration section */

/* Begin XCConfigurationList section */
		728C9E482118717400AFD98D /* Build configuration list for PBXProject "DailyAccounter" */ = {
			isa = XCConfigurationList;
			buildConfigurations = (
				728C9E5D2118717700AFD98D /* Debug */,
				728C9E5E2118717700AFD98D /* Release */,
			);
			defaultConfigurationIsVisible = 0;
			defaultConfigurationName = Release;
		};
		728C9E5F2118717700AFD98D /* Build configuration list for PBXNativeTarget "DailyAccounter" */ = {
			isa = XCConfigurationList;
			buildConfigurations = (
				728C9E602118717700AFD98D /* Debug */,
				728C9E612118717700AFD98D /* Release */,
			);
			defaultConfigurationIsVisible = 0;
			defaultConfigurationName = Release;
		};
/* End XCConfigurationList section */
	};
	rootObject = 728C9E452118717400AFD98D /* Project object */;
}
